// !$*UTF8*$!
{
	archiveVersion = 1;
	classes = {
	};
	objectVersion = 55;
	objects = {

/* Begin PBXBuildFile section */
		00D6D23728931CE8007B7218 /* Assets.xcassets in Resources */ = {isa = PBXBuildFile; fileRef = 00D6D22128931CE8007B7218 /* Assets.xcassets */; };
		00D6D23828931CE8007B7218 /* LaunchScreen.storyboard in Resources */ = {isa = PBXBuildFile; fileRef = 00D6D22228931CE8007B7218 /* LaunchScreen.storyboard */; };
		00D6D23928931CE8007B7218 /* Constatns.swift in Sources */ = {isa = PBXBuildFile; fileRef = 00D6D22428931CE8007B7218 /* Constatns.swift */; };
		00D6D23A28931CE8007B7218 /* CharacterData.swift in Sources */ = {isa = PBXBuildFile; fileRef = 00D6D22628931CE8007B7218 /* CharacterData.swift */; };
		00D6D23B28931CE8007B7218 /* ImageQualityOptions.swift in Sources */ = {isa = PBXBuildFile; fileRef = 00D6D22728931CE8007B7218 /* ImageQualityOptions.swift */; };
		00D6D23C28931CE8007B7218 /* HeroesManager.swift in Sources */ = {isa = PBXBuildFile; fileRef = 00D6D22828931CE8007B7218 /* HeroesManager.swift */; };
		00D6D23D28931CE8007B7218 /* CreateURL.swift in Sources */ = {isa = PBXBuildFile; fileRef = 00D6D22928931CE8007B7218 /* CreateURL.swift */; };
		00D6D23E28931CE8007B7218 /* HeroModel.swift in Sources */ = {isa = PBXBuildFile; fileRef = 00D6D22A28931CE8007B7218 /* HeroModel.swift */; };
		00D6D23F28931CE8007B7218 /* HeroesCollectionViewController.swift in Sources */ = {isa = PBXBuildFile; fileRef = 00D6D22C28931CE8007B7218 /* HeroesCollectionViewController.swift */; };
		00D6D24028931CE8007B7218 /* CollectionViewCell.swift in Sources */ = {isa = PBXBuildFile; fileRef = 00D6D22D28931CE8007B7218 /* CollectionViewCell.swift */; };
		00D6D24128931CE8007B7218 /* HeroDescriptionViewController.swift in Sources */ = {isa = PBXBuildFile; fileRef = 00D6D22E28931CE8007B7218 /* HeroDescriptionViewController.swift */; };
		00D6D24228931CE8007B7218 /* AppDelegate.swift in Sources */ = {isa = PBXBuildFile; fileRef = 00D6D23028931CE8007B7218 /* AppDelegate.swift */; };
		00D6D24328931CE8007B7218 /* SceneDelegate.swift in Sources */ = {isa = PBXBuildFile; fileRef = 00D6D23128931CE8007B7218 /* SceneDelegate.swift */; };
		00D6D24428931CE8007B7218 /* KeysPlaceHolder.swift in Sources */ = {isa = PBXBuildFile; fileRef = 00D6D23228931CE8007B7218 /* KeysPlaceHolder.swift */; };
		00D6D24528931CE8007B7218 /* Main.storyboard in Resources */ = {isa = PBXBuildFile; fileRef = 00D6D23428931CE8007B7218 /* Main.storyboard */; };
		00D6D24628931CE8007B7218 /* CollectionViewCell.xib in Resources */ = {isa = PBXBuildFile; fileRef = 00D6D23628931CE8007B7218 /* CollectionViewCell.xib */; };
/* End PBXBuildFile section */

/* Begin PBXFileReference section */
		00D6D20928931CD0007B7218 /* Marbel-Heroes.app */ = {isa = PBXFileReference; explicitFileType = wrapper.application; includeInIndex = 0; path = "Marbel-Heroes.app"; sourceTree = BUILT_PRODUCTS_DIR; };
		00D6D21A28931CD1007B7218 /* Info.plist */ = {isa = PBXFileReference; lastKnownFileType = text.plist.xml; path = Info.plist; sourceTree = "<group>"; };
		00D6D22128931CE8007B7218 /* Assets.xcassets */ = {isa = PBXFileReference; lastKnownFileType = folder.assetcatalog; path = Assets.xcassets; sourceTree = "<group>"; };
		00D6D22328931CE8007B7218 /* Base */ = {isa = PBXFileReference; lastKnownFileType = file.storyboard; name = Base; path = Base.lproj/LaunchScreen.storyboard; sourceTree = "<group>"; };
		00D6D22428931CE8007B7218 /* Constatns.swift */ = {isa = PBXFileReference; fileEncoding = 4; lastKnownFileType = sourcecode.swift; path = Constatns.swift; sourceTree = "<group>"; };
		00D6D22628931CE8007B7218 /* CharacterData.swift */ = {isa = PBXFileReference; fileEncoding = 4; lastKnownFileType = sourcecode.swift; path = CharacterData.swift; sourceTree = "<group>"; };
		00D6D22728931CE8007B7218 /* ImageQualityOptions.swift */ = {isa = PBXFileReference; fileEncoding = 4; lastKnownFileType = sourcecode.swift; path = ImageQualityOptions.swift; sourceTree = "<group>"; };
		00D6D22828931CE8007B7218 /* HeroesManager.swift */ = {isa = PBXFileReference; fileEncoding = 4; lastKnownFileType = sourcecode.swift; path = HeroesManager.swift; sourceTree = "<group>"; };
		00D6D22928931CE8007B7218 /* CreateURL.swift */ = {isa = PBXFileReference; fileEncoding = 4; lastKnownFileType = sourcecode.swift; path = CreateURL.swift; sourceTree = "<group>"; };
		00D6D22A28931CE8007B7218 /* HeroModel.swift */ = {isa = PBXFileReference; fileEncoding = 4; lastKnownFileType = sourcecode.swift; path = HeroModel.swift; sourceTree = "<group>"; };
		00D6D22C28931CE8007B7218 /* HeroesCollectionViewController.swift */ = {isa = PBXFileReference; fileEncoding = 4; lastKnownFileType = sourcecode.swift; path = HeroesCollectionViewController.swift; sourceTree = "<group>"; };
		00D6D22D28931CE8007B7218 /* CollectionViewCell.swift */ = {isa = PBXFileReference; fileEncoding = 4; lastKnownFileType = sourcecode.swift; path = CollectionViewCell.swift; sourceTree = "<group>"; };
		00D6D22E28931CE8007B7218 /* HeroDescriptionViewController.swift */ = {isa = PBXFileReference; fileEncoding = 4; lastKnownFileType = sourcecode.swift; path = HeroDescriptionViewController.swift; sourceTree = "<group>"; };
		00D6D23028931CE8007B7218 /* AppDelegate.swift */ = {isa = PBXFileReference; fileEncoding = 4; lastKnownFileType = sourcecode.swift; path = AppDelegate.swift; sourceTree = "<group>"; };
		00D6D23128931CE8007B7218 /* SceneDelegate.swift */ = {isa = PBXFileReference; fileEncoding = 4; lastKnownFileType = sourcecode.swift; path = SceneDelegate.swift; sourceTree = "<group>"; };
		00D6D23228931CE8007B7218 /* KeysPlaceHolder.swift */ = {isa = PBXFileReference; fileEncoding = 4; lastKnownFileType = sourcecode.swift; path = KeysPlaceHolder.swift; sourceTree = "<group>"; };
		00D6D23528931CE8007B7218 /* Base */ = {isa = PBXFileReference; lastKnownFileType = file.storyboard; name = Base; path = Base.lproj/Main.storyboard; sourceTree = "<group>"; };
		00D6D23628931CE8007B7218 /* CollectionViewCell.xib */ = {isa = PBXFileReference; fileEncoding = 4; lastKnownFileType = file.xib; path = CollectionViewCell.xib; sourceTree = "<group>"; };
/* End PBXFileReference section */

/* Begin PBXFrameworksBuildPhase section */
		00D6D20628931CD0007B7218 /* Frameworks */ = {
			isa = PBXFrameworksBuildPhase;
			buildActionMask = 2147483647;
			files = (
			);
			runOnlyForDeploymentPostprocessing = 0;
		};
/* End PBXFrameworksBuildPhase section */

/* Begin PBXGroup section */
		00D6D20028931CD0007B7218 = {
			isa = PBXGroup;
			children = (
				00D6D20B28931CD0007B7218 /* Marbel-Heroes */,
				00D6D20A28931CD0007B7218 /* Products */,
			);
			sourceTree = "<group>";
		};
		00D6D20A28931CD0007B7218 /* Products */ = {
			isa = PBXGroup;
			children = (
				00D6D20928931CD0007B7218 /* Marbel-Heroes.app */,
			);
			name = Products;
			sourceTree = "<group>";
		};
		00D6D20B28931CD0007B7218 /* Marbel-Heroes */ = {
			isa = PBXGroup;
			children = (
				00D6D23228931CE8007B7218 /* KeysPlaceHolder.swift */,
				00D6D22528931CE8007B7218 /* Model */,
				00D6D23328931CE8007B7218 /* View */,
				00D6D22B28931CE8007B7218 /* Controller */,
				00D6D22028931CE8007B7218 /* SupportFiles */,
				00D6D21A28931CD1007B7218 /* Info.plist */,
			);
			path = "Marbel-Heroes";
			sourceTree = "<group>";
		};
		00D6D22028931CE8007B7218 /* SupportFiles */ = {
			isa = PBXGroup;
			children = (
				00D6D22428931CE8007B7218 /* Constatns.swift */,
				00D6D22128931CE8007B7218 /* Assets.xcassets */,
				00D6D22228931CE8007B7218 /* LaunchScreen.storyboard */,
				00D6D22F28931CE8007B7218 /* AppDelegates */,
			);
			path = SupportFiles;
			sourceTree = "<group>";
		};
		00D6D22528931CE8007B7218 /* Model */ = {
			isa = PBXGroup;
			children = (
				00D6D22628931CE8007B7218 /* CharacterData.swift */,
				00D6D22728931CE8007B7218 /* ImageQualityOptions.swift */,
				00D6D22828931CE8007B7218 /* HeroesManager.swift */,
				00D6D22928931CE8007B7218 /* CreateURL.swift */,
				00D6D22A28931CE8007B7218 /* HeroModel.swift */,
			);
			path = Model;
			sourceTree = "<group>";
		};
		00D6D22B28931CE8007B7218 /* Controller */ = {
			isa = PBXGroup;
			children = (
				00D6D22C28931CE8007B7218 /* HeroesCollectionViewController.swift */,
				00D6D22D28931CE8007B7218 /* CollectionViewCell.swift */,
				00D6D22E28931CE8007B7218 /* HeroDescriptionViewController.swift */,
			);
			path = Controller;
			sourceTree = "<group>";
		};
		00D6D22F28931CE8007B7218 /* AppDelegates */ = {
			isa = PBXGroup;
			children = (
				00D6D23028931CE8007B7218 /* AppDelegate.swift */,
				00D6D23128931CE8007B7218 /* SceneDelegate.swift */,
			);
			path = AppDelegates;
			sourceTree = "<group>";
		};
		00D6D23328931CE8007B7218 /* View */ = {
			isa = PBXGroup;
			children = (
				00D6D23428931CE8007B7218 /* Main.storyboard */,
				00D6D23628931CE8007B7218 /* CollectionViewCell.xib */,
			);
			path = View;
			sourceTree = "<group>";
		};
/* End PBXGroup section */

/* Begin PBXNativeTarget section */
		00D6D20828931CD0007B7218 /* Marbel-Heroes */ = {
			isa = PBXNativeTarget;
			buildConfigurationList = 00D6D21D28931CD1007B7218 /* Build configuration list for PBXNativeTarget "Marbel-Heroes" */;
			buildPhases = (
				00D6D20528931CD0007B7218 /* Sources */,
				00D6D20628931CD0007B7218 /* Frameworks */,
				00D6D20728931CD0007B7218 /* Resources */,
			);
			buildRules = (
			);
			dependencies = (
			);
			name = "Marbel-Heroes";
			productName = "Marbel-Heroes";
			productReference = 00D6D20928931CD0007B7218 /* Marbel-Heroes.app */;
			productType = "com.apple.product-type.application";
		};
/* End PBXNativeTarget section */

/* Begin PBXProject section */
		00D6D20128931CD0007B7218 /* Project object */ = {
			isa = PBXProject;
			attributes = {
				BuildIndependentTargetsInParallel = 1;
				LastSwiftUpdateCheck = 1340;
				LastUpgradeCheck = 1340;
				TargetAttributes = {
					00D6D20828931CD0007B7218 = {
						CreatedOnToolsVersion = 13.4.1;
						LastSwiftMigration = 1340;
					};
				};
			};
			buildConfigurationList = 00D6D20428931CD0007B7218 /* Build configuration list for PBXProject "Marbel-Heroes" */;
			compatibilityVersion = "Xcode 13.0";
			developmentRegion = en;
			hasScannedForEncodings = 0;
			knownRegions = (
				en,
				Base,
			);
			mainGroup = 00D6D20028931CD0007B7218;
			productRefGroup = 00D6D20A28931CD0007B7218 /* Products */;
			projectDirPath = "";
			projectRoot = "";
			targets = (
				00D6D20828931CD0007B7218 /* Marbel-Heroes */,
			);
		};
/* End PBXProject section */

/* Begin PBXResourcesBuildPhase section */
		00D6D20728931CD0007B7218 /* Resources */ = {
			isa = PBXResourcesBuildPhase;
			buildActionMask = 2147483647;
			files = (
				00D6D24528931CE8007B7218 /* Main.storyboard in Resources */,
				00D6D23728931CE8007B7218 /* Assets.xcassets in Resources */,
				00D6D24628931CE8007B7218 /* CollectionViewCell.xib in Resources */,
				00D6D23828931CE8007B7218 /* LaunchScreen.storyboard in Resources */,
			);
			runOnlyForDeploymentPostprocessing = 0;
		};
/* End PBXResourcesBuildPhase section */

/* Begin PBXSourcesBuildPhase section */
		00D6D20528931CD0007B7218 /* Sources */ = {
			isa = PBXSourcesBuildPhase;
			buildActionMask = 2147483647;
			files = (
				00D6D23928931CE8007B7218 /* Constatns.swift in Sources */,
				00D6D23B28931CE8007B7218 /* ImageQualityOptions.swift in Sources */,
				00D6D24028931CE8007B7218 /* CollectionViewCell.swift in Sources */,
				00D6D23A28931CE8007B7218 /* CharacterData.swift in Sources */,
				00D6D23C28931CE8007B7218 /* HeroesManager.swift in Sources */,
				00D6D23F28931CE8007B7218 /* HeroesCollectionViewController.swift in Sources */,
				00D6D23D28931CE8007B7218 /* CreateURL.swift in Sources */,
				00D6D24428931CE8007B7218 /* KeysPlaceHolder.swift in Sources */,
				00D6D24328931CE8007B7218 /* SceneDelegate.swift in Sources */,
				00D6D24128931CE8007B7218 /* HeroDescriptionViewController.swift in Sources */,
				00D6D24228931CE8007B7218 /* AppDelegate.swift in Sources */,
				00D6D23E28931CE8007B7218 /* HeroModel.swift in Sources */,
			);
			runOnlyForDeploymentPostprocessing = 0;
		};
/* End PBXSourcesBuildPhase section */

/* Begin PBXVariantGroup section */
		00D6D22228931CE8007B7218 /* LaunchScreen.storyboard */ = {
			isa = PBXVariantGroup;
			children = (
				00D6D22328931CE8007B7218 /* Base */,
			);
			name = LaunchScreen.storyboard;
			sourceTree = "<group>";
		};
		00D6D23428931CE8007B7218 /* Main.storyboard */ = {
			isa = PBXVariantGroup;
			children = (
				00D6D23528931CE8007B7218 /* Base */,
			);
			name = Main.storyboard;
			sourceTree = "<group>";
		};
/* End PBXVariantGroup section */

/* Begin XCBuildConfiguration section */
		00D6D21B28931CD1007B7218 /* Debug */ = {
			isa = XCBuildConfiguration;
			buildSettings = {
				ALWAYS_SEARCH_USER_PATHS = NO;
				CLANG_ANALYZER_NONNULL = YES;
				CLANG_ANALYZER_NUMBER_OBJECT_CONVERSION = YES_AGGRESSIVE;
				CLANG_CXX_LANGUAGE_STANDARD = "gnu++17";
				CLANG_ENABLE_MODULES = YES;
				CLANG_ENABLE_OBJC_ARC = YES;
				CLANG_ENABLE_OBJC_WEAK = YES;
				CLANG_WARN_BLOCK_CAPTURE_AUTORELEASING = YES;
				CLANG_WARN_BOOL_CONVERSION = YES;
				CLANG_WARN_COMMA = YES;
				CLANG_WARN_CONSTANT_CONVERSION = YES;
				CLANG_WARN_DEPRECATED_OBJC_IMPLEMENTATIONS = YES;
				CLANG_WARN_DIRECT_OBJC_ISA_USAGE = YES_ERROR;
				CLANG_WARN_DOCUMENTATION_COMMENTS = YES;
				CLANG_WARN_EMPTY_BODY = YES;
				CLANG_WARN_ENUM_CONVERSION = YES;
				CLANG_WARN_INFINITE_RECURSION = YES;
				CLANG_WARN_INT_CONVERSION = YES;
				CLANG_WARN_NON_LITERAL_NULL_CONVERSION = YES;
				CLANG_WARN_OBJC_IMPLICIT_RETAIN_SELF = YES;
				CLANG_WARN_OBJC_LITERAL_CONVERSION = YES;
				CLANG_WARN_OBJC_ROOT_CLASS = YES_ERROR;
				CLANG_WARN_QUOTED_INCLUDE_IN_FRAMEWORK_HEADER = YES;
				CLANG_WARN_RANGE_LOOP_ANALYSIS = YES;
				CLANG_WARN_STRICT_PROTOTYPES = YES;
				CLANG_WARN_SUSPICIOUS_MOVE = YES;
				CLANG_WARN_UNGUARDED_AVAILABILITY = YES_AGGRESSIVE;
				CLANG_WARN_UNREACHABLE_CODE = YES;
				CLANG_WARN__DUPLICATE_METHOD_MATCH = YES;
				COPY_PHASE_STRIP = NO;
				DEBUG_INFORMATION_FORMAT = dwarf;
				ENABLE_STRICT_OBJC_MSGSEND = YES;
				ENABLE_TESTABILITY = YES;
				GCC_C_LANGUAGE_STANDARD = gnu11;
				GCC_DYNAMIC_NO_PIC = NO;
				GCC_NO_COMMON_BLOCKS = YES;
				GCC_OPTIMIZATION_LEVEL = 0;
				GCC_PREPROCESSOR_DEFINITIONS = (
					"DEBUG=1",
					"$(inherited)",
				);
				GCC_WARN_64_TO_32_BIT_CONVERSION = YES;
				GCC_WARN_ABOUT_RETURN_TYPE = YES_ERROR;
				GCC_WARN_UNDECLARED_SELECTOR = YES;
				GCC_WARN_UNINITIALIZED_AUTOS = YES_AGGRESSIVE;
				GCC_WARN_UNUSED_FUNCTION = YES;
				GCC_WARN_UNUSED_VARIABLE = YES;
				IPHONEOS_DEPLOYMENT_TARGET = 15.5;
				MTL_ENABLE_DEBUG_INFO = INCLUDE_SOURCE;
				MTL_FAST_MATH = YES;
				ONLY_ACTIVE_ARCH = YES;
				SDKROOT = iphoneos;
				SWIFT_ACTIVE_COMPILATION_CONDITIONS = DEBUG;
				SWIFT_OPTIMIZATION_LEVEL = "-Onone";
			};
			name = Debug;
		};
		00D6D21C28931CD1007B7218 /* Release */ = {
			isa = XCBuildConfiguration;
			buildSettings = {
				ALWAYS_SEARCH_USER_PATHS = NO;
				CLANG_ANALYZER_NONNULL = YES;
				CLANG_ANALYZER_NUMBER_OBJECT_CONVERSION = YES_AGGRESSIVE;
				CLANG_CXX_LANGUAGE_STANDARD = "gnu++17";
				CLANG_ENABLE_MODULES = YES;
				CLANG_ENABLE_OBJC_ARC = YES;
				CLANG_ENABLE_OBJC_WEAK = YES;
				CLANG_WARN_BLOCK_CAPTURE_AUTORELEASING = YES;
				CLANG_WARN_BOOL_CONVERSION = YES;
				CLANG_WARN_COMMA = YES;
				CLANG_WARN_CONSTANT_CONVERSION = YES;
				CLANG_WARN_DEPRECATED_OBJC_IMPLEMENTATIONS = YES;
				CLANG_WARN_DIRECT_OBJC_ISA_USAGE = YES_ERROR;
				CLANG_WARN_DOCUMENTATION_COMMENTS = YES;
				CLANG_WARN_EMPTY_BODY = YES;
				CLANG_WARN_ENUM_CONVERSION = YES;
				CLANG_WARN_INFINITE_RECURSION = YES;
				CLANG_WARN_INT_CONVERSION = YES;
				CLANG_WARN_NON_LITERAL_NULL_CONVERSION = YES;
				CLANG_WARN_OBJC_IMPLICIT_RETAIN_SELF = YES;
				CLANG_WARN_OBJC_LITERAL_CONVERSION = YES;
				CLANG_WARN_OBJC_ROOT_CLASS = YES_ERROR;
				CLANG_WARN_QUOTED_INCLUDE_IN_FRAMEWORK_HEADER = YES;
				CLANG_WARN_RANGE_LOOP_ANALYSIS = YES;
				CLANG_WARN_STRICT_PROTOTYPES = YES;
				CLANG_WARN_SUSPICIOUS_MOVE = YES;
				CLANG_WARN_UNGUARDED_AVAILABILITY = YES_AGGRESSIVE;
				CLANG_WARN_UNREACHABLE_CODE = YES;
				CLANG_WARN__DUPLICATE_METHOD_MATCH = YES;
				COPY_PHASE_STRIP = NO;
				DEBUG_INFORMATION_FORMAT = "dwarf-with-dsym";
				ENABLE_NS_ASSERTIONS = NO;
				ENABLE_STRICT_OBJC_MSGSEND = YES;
				GCC_C_LANGUAGE_STANDARD = gnu11;
				GCC_NO_COMMON_BLOCKS = YES;
				GCC_WARN_64_TO_32_BIT_CONVERSION = YES;
				GCC_WARN_ABOUT_RETURN_TYPE = YES_ERROR;
				GCC_WARN_UNDECLARED_SELECTOR = YES;
				GCC_WARN_UNINITIALIZED_AUTOS = YES_AGGRESSIVE;
				GCC_WARN_UNUSED_FUNCTION = YES;
				GCC_WARN_UNUSED_VARIABLE = YES;
				IPHONEOS_DEPLOYMENT_TARGET = 15.5;
				MTL_ENABLE_DEBUG_INFO = NO;
				MTL_FAST_MATH = YES;
				SDKROOT = iphoneos;
				SWIFT_COMPILATION_MODE = wholemodule;
				SWIFT_OPTIMIZATION_LEVEL = "-O";
				VALIDATE_PRODUCT = YES;
			};
			name = Release;
		};
		00D6D21E28931CD1007B7218 /* Debug */ = {
			isa = XCBuildConfiguration;
			buildSettings = {
				ASSETCATALOG_COMPILER_APPICON_NAME = AppIcon;
				ASSETCATALOG_COMPILER_GLOBAL_ACCENT_COLOR_NAME = AccentColor;
				CLANG_ENABLE_MODULES = YES;
				CODE_SIGN_STYLE = Automatic;
				CURRENT_PROJECT_VERSION = 1;
				DEVELOPMENT_TEAM = V6DG8SQQ9J;
				GENERATE_INFOPLIST_FILE = YES;
				INFOPLIST_FILE = "Marbel-Heroes/Info.plist";
				INFOPLIST_KEY_UIApplicationSupportsIndirectInputEvents = YES;
				INFOPLIST_KEY_UILaunchStoryboardName = LaunchScreen;
				INFOPLIST_KEY_UIMainStoryboardFile = Main;
				INFOPLIST_KEY_UISupportedInterfaceOrientations_iPad = "UIInterfaceOrientationPortrait UIInterfaceOrientationPortraitUpsideDown UIInterfaceOrientationLandscapeLeft UIInterfaceOrientationLandscapeRight";
				INFOPLIST_KEY_UISupportedInterfaceOrientations_iPhone = "UIInterfaceOrientationPortrait UIInterfaceOrientationLandscapeLeft UIInterfaceOrientationLandscapeRight";
				LD_RUNPATH_SEARCH_PATHS = (
					"$(inherited)",
					"@executable_path/Frameworks",
				);
				MARKETING_VERSION = 1.0;
				PRODUCT_BUNDLE_IDENTIFIER = "KADM.Marbel-Heroes";
				PRODUCT_NAME = "$(TARGET_NAME)";
				SWIFT_EMIT_LOC_STRINGS = YES;
				SWIFT_OPTIMIZATION_LEVEL = "-Onone";
				SWIFT_VERSION = 5.0;
				TARGETED_DEVICE_FAMILY = 1;
			};
			name = Debug;
		};
		00D6D21F28931CD1007B7218 /* Release */ = {
			isa = XCBuildConfiguration;
			buildSettings = {
				ASSETCATALOG_COMPILER_APPICON_NAME = AppIcon;
				ASSETCATALOG_COMPILER_GLOBAL_ACCENT_COLOR_NAME = AccentColor;
				CLANG_ENABLE_MODULES = YES;
				CODE_SIGN_STYLE = Automatic;
				CURRENT_PROJECT_VERSION = 1;
				DEVELOPMENT_TEAM = V6DG8SQQ9J;
				GENERATE_INFOPLIST_FILE = YES;
				INFOPLIST_FILE = "Marbel-Heroes/Info.plist";
				INFOPLIST_KEY_UIApplicationSupportsIndirectInputEvents = YES;
				INFOPLIST_KEY_UILaunchStoryboardName = LaunchScreen;
				INFOPLIST_KEY_UIMainStoryboardFile = Main;
				INFOPLIST_KEY_UISupportedInterfaceOrientations_iPad = "UIInterfaceOrientationPortrait UIInterfaceOrientationPortraitUpsideDown UIInterfaceOrientationLandscapeLeft UIInterfaceOrientationLandscapeRight";
				INFOPLIST_KEY_UISupportedInterfaceOrientations_iPhone = "UIInterfaceOrientationPortrait UIInterfaceOrientationLandscapeLeft UIInterfaceOrientationLandscapeRight";
				LD_RUNPATH_SEARCH_PATHS = (
					"$(inherited)",
					"@executable_path/Frameworks",
				);
				MARKETING_VERSION = 1.0;
				PRODUCT_BUNDLE_IDENTIFIER = "KADM.Marbel-Heroes";
				PRODUCT_NAME = "$(TARGET_NAME)";
				SWIFT_EMIT_LOC_STRINGS = YES;
				SWIFT_VERSION = 5.0;
				TARGETED_DEVICE_FAMILY = 1;
			};
			name = Release;
		};
/* End XCBuildConfiguration section */

/* Begin XCConfigurationList section */
		00D6D20428931CD0007B7218 /* Build configuration list for PBXProject "Marbel-Heroes" */ = {
			isa = XCConfigurationList;
			buildConfigurations = (
				00D6D21B28931CD1007B7218 /* Debug */,
				00D6D21C28931CD1007B7218 /* Release */,
			);
			defaultConfigurationIsVisible = 0;
			defaultConfigurationName = Release;
		};
		00D6D21D28931CD1007B7218 /* Build configuration list for PBXNativeTarget "Marbel-Heroes" */ = {
			isa = XCConfigurationList;
			buildConfigurations = (
				00D6D21E28931CD1007B7218 /* Debug */,
				00D6D21F28931CD1007B7218 /* Release */,
			);
			defaultConfigurationIsVisible = 0;
			defaultConfigurationName = Release;
		};
/* End XCConfigurationList section */
	};
	rootObject = 00D6D20128931CD0007B7218 /* Project object */;
}
